version = 1
revision = 3
requires-python = ">=3.13"

[[package]]
name = "colorama"
version = "0.4.6"
source = { registry = "https://pypi.org/simple" }
sdist = { url = "https://files.pythonhosted.org/packages/d8/53/6f443c9a4a8358a93a6792e2acffb9d9d5cb0a5cfd8802644b7b1c9a02e4/colorama-0.4.6.tar.gz", hash = "sha256:08695f5cb7ed6e0531a20572697297273c47b8cae5a63ffc6d6ed5c201be6e44", size = 27697, upload-time = "2022-10-25T02:36:22.414Z" }
wheels = [
    { url = "https://files.pythonhosted.org/packages/d1/d6/3965ed04c63042e047cb6a3e6ed1a63a35087b6a609aa3a15ed8ac56c221/colorama-0.4.6-py2.py3-none-any.whl", hash = "sha256:4f1d9991f5acc0ca119f9d443620b77f9d6b33703e51011c16baf57afb285fc6", size = 25335, upload-time = "2022-10-25T02:36:20.889Z" },
]

[[package]]
name = "heap-sandbox"
version = "0.1.0"
source = { virtual = "." }
dependencies = [
    { name = "pysnooper" },
]

[package.dev-dependencies]
dev = [
    { name = "pytest" },
    { name = "uv" },
]

[package.metadata]
requires-dist = [{ name = "pysnooper", specifier = ">=1.2.3" }]

[package.metadata.requires-dev]
dev = [
    { name = "pytest", specifier = ">=9.0.2" },
    { name = "uv", specifier = ">=0.9.21" },
]

[[package]]
name = "iniconfig"
version = "2.3.0"
source = { registry = "https://pypi.org/simple" }
sdist = { url = "https://files.pythonhosted.org/packages/72/34/14ca021ce8e5dfedc35312d08ba8bf51fdd999c576889fc2c24cb97f4f10/iniconfig-2.3.0.tar.gz", hash = "sha256:c76315c77db068650d49c5b56314774a7804df16fee4402c1f19d6d15d8c4730", size = 20503, upload-time = "2025-10-18T21:55:43.219Z" }
wheels = [
    { url = "https://files.pythonhosted.org/packages/cb/b1/3846dd7f199d53cb17f49cba7e651e9ce294d8497c8c150530ed11865bb8/iniconfig-2.3.0-py3-none-any.whl", hash = "sha256:f631c04d2c48c52b84d0d0549c99ff3859c98df65b3101406327ecc7d53fbf12", size = 7484, upload-time = "2025-10-18T21:55:41.639Z" },
]

[[package]]
name = "packaging"
version = "25.0"
source = { registry = "https://pypi.org/simple" }
sdist = { url = "https://files.pythonhosted.org/packages/a1/d4/1fc4078c65507b51b96ca8f8c3ba19e6a61c8253c72794544580a7b6c24d/packaging-25.0.tar.gz", hash = "sha256:d443872c98d677bf60f6a1f2f8c1cb748e8fe762d2bf9d3148b5599295b0fc4f", size = 165727, upload-time = "2025-04-19T11:48:59.673Z" }
wheels = [
    { url = "https://files.pythonhosted.org/packages/20/12/38679034af332785aac8774540895e234f4d07f7545804097de4b666afd8/packaging-25.0-py3-none-any.whl", hash = "sha256:29572ef2b1f17581046b3a2227d5c611fb25ec70ca1ba8554b24b0e69331a484", size = 66469, upload-time = "2025-04-19T11:48:57.875Z" },
]

[[package]]
name = "pluggy"
version = "1.6.0"
source = { registry = "https://pypi.org/simple" }
sdist = { url = "https://files.pythonhosted.org/packages/f9/e2/3e91f31a7d2b083fe6ef3fa267035b518369d9511ffab804f839851d2779/pluggy-1.6.0.tar.gz", hash = "sha256:7dcc130b76258d33b90f61b658791dede3486c3e6bfb003ee5c9bfb396dd22f3", size = 69412, upload-time = "2025-05-15T12:30:07.975Z" }
wheels = [
    { url = "https://files.pythonhosted.org/packages/54/20/4d324d65cc6d9205fabedc306948156824eb9f0ee1633355a8f7ec5c66bf/pluggy-1.6.0-py3-none-any.whl", hash = "sha256:e920276dd6813095e9377c0bc5566d94c932c33b27a3e3945d8389c374dd4746", size = 20538, upload-time = "2025-05-15T12:30:06.134Z" },
]

[[package]]
name = "pygments"
version = "2.19.2"
source = { registry = "https://pypi.org/simple" }
sdist = { url = "https://files.pythonhosted.org/packages/b0/77/a5b8c569bf593b0140bde72ea885a803b82086995367bf2037de0159d924/pygments-2.19.2.tar.gz", hash = "sha256:636cb2477cec7f8952536970bc533bc43743542f70392ae026374600add5b887", size = 4968631, upload-time = "2025-06-21T13:39:12.283Z" }
wheels = [
    { url = "https://files.pythonhosted.org/packages/c7/21/705964c7812476f378728bdf590ca4b771ec72385c533964653c68e86bdc/pygments-2.19.2-py3-none-any.whl", hash = "sha256:86540386c03d588bb81d44bc3928634ff26449851e99741617ecb9037ee5ec0b", size = 1225217, upload-time = "2025-06-21T13:39:07.939Z" },
]

[[package]]
name = "pysnooper"
version = "1.2.3"
source = { registry = "https://pypi.org/simple" }
sdist = { url = "https://files.pythonhosted.org/packages/d2/4a/be3c144f58de6b78911c417cc4a3b3fe5eb6d13cae4c12daf3ca17a8d473/pysnooper-1.2.3.tar.gz", hash = "sha256:1fa1425444a7af45108aaed860b5ca8b62b25bba25b0b037c059ba353d8f1e74", size = 46283, upload-time = "2025-05-31T23:22:46.786Z" }
wheels = [
    { url = "https://files.pythonhosted.org/packages/69/87/df62c8a998216e6749b67d548dae0967906036c61457510ef49667927c49/PySnooper-1.2.3-py2.py3-none-any.whl", hash = "sha256:546372f0e72da89f8d1b89e758b7c05a478d65288569a1ca2cc1620e7b1b1944", size = 15086, upload-time = "2025-05-31T23:22:45.745Z" },
]

[[package]]
name = "pytest"
version = "9.0.2"
source = { registry = "https://pypi.org/simple" }
dependencies = [
    { name = "colorama", marker = "sys_platform == 'win32'" },
    { name = "iniconfig" },
    { name = "packaging" },
    { name = "pluggy" },
    { name = "pygments" },
]
sdist = { url = "https://files.pythonhosted.org/packages/d1/db/7ef3487e0fb0049ddb5ce41d3a49c235bf9ad299b6a25d5780a89f19230f/pytest-9.0.2.tar.gz", hash = "sha256:75186651a92bd89611d1d9fc20f0b4345fd827c41ccd5c299a868a05d70edf11", size = 1568901, upload-time = "2025-12-06T21:30:51.014Z" }
wheels = [
    { url = "https://files.pythonhosted.org/packages/3b/ab/b3226f0bd7cdcf710fbede2b3548584366da3b19b5021e74f5bde2a8fa3f/pytest-9.0.2-py3-none-any.whl", hash = "sha256:711ffd45bf766d5264d487b917733b453d917afd2b0ad65223959f59089f875b", size = 374801, upload-time = "2025-12-06T21:30:49.154Z" },
]

[[package]]
name = "uv"
version = "0.9.21"
source = { registry = "https://pypi.org/simple" }
sdist = { url = "https://files.pythonhosted.org/packages/e2/2b/4e2090bc3a6265b445b3d31ca6fff20c6458d11145069f7e48ade3e2d75b/uv-0.9.21.tar.gz", hash = "sha256:aa4ca6ccd68e81b5ebaa3684d3c4df2b51a982ac16211eadf0707741d36e6488", size = 3834762, upload-time = "2025-12-30T16:12:51.927Z" }
wheels = [
    { url = "https://files.pythonhosted.org/packages/da/26/0750c5bb1637ebefe1db0936dc76ead8ce97f17368cda950642bfd90fa3f/uv-0.9.21-py3-none-linux_armv6l.whl", hash = "sha256:0b330eaced2fd9d94e2a70f3bb6c8fd7beadc9d9bf9f1227eb14da44039c413a", size = 21266556, upload-time = "2025-12-30T16:12:47.311Z" },
    { url = "https://files.pythonhosted.org/packages/3e/ef/f019466c1e367ea68003cf35f4d44cc328694ed4a59b6004aa7dcacb2b35/uv-0.9.21-py3-none-macosx_10_12_x86_64.whl", hash = "sha256:1d8e0940bddd37a55f4479d61adaa6b302b780d473f037fc084e48b09a1678e7", size = 20485648, upload-time = "2025-12-30T16:12:15.746Z" },
    { url = "https://files.pythonhosted.org/packages/2a/41/f735bd9a5b4848b6f4f1028e6d768f581559d68eddb6403eb0f19ca4c843/uv-0.9.21-py3-none-macosx_11_0_arm64.whl", hash = "sha256:cb420ddab7bcdd12c2352d4b551ced428d104311c0b98ce205675ab5c97072db", size = 18986976, upload-time = "2025-12-30T16:12:25.034Z" },
    { url = "https://files.pythonhosted.org/packages/9a/5f/01d537e05927594dc379ff8bc04f8cde26384d25108a9f63758eae2a7936/uv-0.9.21-py3-none-manylinux_2_17_aarch64.manylinux2014_aarch64.musllinux_1_1_aarch64.whl", hash = "sha256:a36d164438a6310c9fceebd041d80f7cffcc63ba80a7c83ee98394fadf2b8545", size = 20819312, upload-time = "2025-12-30T16:12:41.802Z" },
    { url = "https://files.pythonhosted.org/packages/18/89/9497395f57e007a2daed8172042ecccade3ff5569fd367d093f49bd6a4a8/uv-0.9.21-py3-none-manylinux_2_17_armv7l.manylinux2014_armv7l.whl", hash = "sha256:c0ad83ce874cbbf9eda569ba793a9fb70870db426e9862300db8cf2950a7fe3b", size = 20900227, upload-time = "2025-12-30T16:12:19.242Z" },
    { url = "https://files.pythonhosted.org/packages/04/61/a3f6dfc75d278cce96b370e00b6f03d73ec260e5304f622504848bad219d/uv-0.9.21-py3-none-manylinux_2_17_i686.manylinux2014_i686.whl", hash = "sha256:9076191c934b813147060e4cd97e33a58999de0f9c46f8ac67f614e154dae5c8", size = 21965424, upload-time = "2025-12-30T16:12:01.589Z" },
    { url = "https://files.pythonhosted.org/packages/18/3e/344e8c1078cfea82159c6608b8694f24fdfe850ce329a4708c026cb8b0ff/uv-0.9.21-py3-none-manylinux_2_17_ppc64.manylinux2014_ppc64.whl", hash = "sha256:2ce0f6aca91f7fbf1192e43c063f4de3666fd43126aacc71ff7d5a79f831af59", size = 23540343, upload-time = "2025-12-30T16:12:13.139Z" },
    { url = "https://files.pythonhosted.org/packages/7f/20/5826659a81526687c6e5b5507f3f79f4f4b7e3022f3efae2ba36b19864c3/uv-0.9.21-py3-none-manylinux_2_17_ppc64le.manylinux2014_ppc64le.whl", hash = "sha256:0b4817642d5ef248b74ca7be3505e5e012a06be050669b80d1f7ced5ad50d188", size = 23171564, upload-time = "2025-12-30T16:12:22.219Z" },
    { url = "https://files.pythonhosted.org/packages/a6/8d/404c54e019bb99ce474dc21e6b96c8a1351ba3c06e5e19fd8dcae0ba1899/uv-0.9.21-py3-none-manylinux_2_17_s390x.manylinux2014_s390x.whl", hash = "sha256:4fb42237fa309d79905fb73f653f63c1fe45a51193411c614b13512cf5506df3", size = 22202400, upload-time = "2025-12-30T16:12:04.612Z" },
    { url = "https://files.pythonhosted.org/packages/1a/f0/aa3d0081a2004050564364a1ef3277ddf889c9989a7278c0a9cce8284926/uv-0.9.21-py3-none-manylinux_2_17_x86_64.manylinux2014_x86_64.whl", hash = "sha256:f1d22f0ac03635d661e811c69d7c0b292751f90699acc6a1fb1509e17c936474", size = 22206448, upload-time = "2025-12-30T16:12:30.626Z" },
    { url = "https://files.pythonhosted.org/packages/fc/a9/7a375e723a588f31f305ddf9ae2097af0b9dc7f7813641788b5b9764a237/uv-0.9.21-py3-none-manylinux_2_28_aarch64.whl", hash = "sha256:cdd805909d360ad67640201376c8eb02de08dcf1680a1a81aebd9519daed6023", size = 20940568, upload-time = "2025-12-30T16:12:27.533Z" },
    { url = "https://files.pythonhosted.org/packages/18/d5/6187ffb7e1d24df34defe2718db8c4c3c08f153d3e7da22c250134b79cd1/uv-0.9.21-py3-none-manylinux_2_31_riscv64.whl", hash = "sha256:82e438595a609cbe4e45c413a54bd5756d37c8c39108ce7b2799aff15f7d3337", size = 22085077, upload-time = "2025-12-30T16:12:10.153Z" },
    { url = "https://files.pythonhosted.org/packages/ee/fa/8e211167d0690d9f15a08da610a0383d2f43a6c838890878e14948472284/uv-0.9.21-py3-none-musllinux_1_1_armv7l.whl", hash = "sha256:fc1c06e1e5df423e1517e350ea2c9d85ecefd0919188a0a9f19bd239bbbdeeaf", size = 20862893, upload-time = "2025-12-30T16:12:49.87Z" },
    { url = "https://files.pythonhosted.org/packages/33/b2/9d24d84cb9a1a6a5ea98d03a29abf800d87e5710d25e53896dc73aeb63a5/uv-0.9.21-py3-none-musllinux_1_1_i686.whl", hash = "sha256:9ef3d2a213c7720f4dae336e5123fe88427200d7523c78091c4ab7f849c3f13f", size = 21428397, upload-time = "2025-12-30T16:12:07.483Z" },
    { url = "https://files.pythonhosted.org/packages/4f/40/1e8e4c2e1308432c708eaa66dccdb83d2ee6120ea2b7d65e04fc06f48ff8/uv-0.9.21-py3-none-musllinux_1_1_x86_64.whl", hash = "sha256:8da20914d92ba4cc35f071414d3da7365294fc0b7114da8ac2ab3a86c695096f", size = 22450537, upload-time = "2025-12-30T16:12:33.36Z" },
    { url = "https://files.pythonhosted.org/packages/18/b8/99c4731d001f512e844dfdc740db2bf2fea56d538749b639d21f5117a74a/uv-0.9.21-py3-none-win32.whl", hash = "sha256:e716e23bc0ec8cbb0811f99e653745e0cf15223e7ba5d8857d46be5b40b3045b", size = 20032654, upload-time = "2025-12-30T16:12:36.007Z" },
    { url = "https://files.pythonhosted.org/packages/29/6b/da441bf335f5e1c0c100b7dfb9702b6fed367ba703e543037bf1e70bf8c3/uv-0.9.21-py3-none-win_amd64.whl", hash = "sha256:64a7bb0e4e6a4c2d98c2d55f42aead7c2df0ceb17d5911d1a42b76228cab4525", size = 22206744, upload-time = "2025-12-30T16:12:38.953Z" },
    { url = "https://files.pythonhosted.org/packages/98/02/afbed8309fe07aaa9fa58a98941cebffbcd300fe70499a02a6806d93517b/uv-0.9.21-py3-none-win_arm64.whl", hash = "sha256:6c13c40966812f6bd6ecb6546e5d3e27e7fe9cefa07018f074f51d703cb29e1c", size = 20591604, upload-time = "2025-12-30T16:12:44.634Z" },
]
